
Microsoft Visual Studio Solution File, Format Version 12.00
# Visual Studio Version 17
VisualStudioVersion = 17.9.34723.18
MinimumVisualStudioVersion = 10.0.40219.1
Project("{9A19103F-16F7-4668-BE54-9A1E7A4F7556}") = "KKNDotNetCore.ConsoleApp", "KKNDotNetCore.ConsoleApp\KKNDotNetCore.ConsoleApp.csproj", "{D37E9C39-B116-4C29-B77E-B6D0E2A5DC3D}"
EndProject
Project("{2150E333-8FDC-42A3-9474-1A3956D46DE8}") = "Document", "Document", "{767367A2-DD98-4E2A-9DB7-41FA2219840D}"
	ProjectSection(SolutionItems) = preProject
		.gitattributes = .gitattributes
		.gitignore = .gitignore
		database_script.sql = database_script.sql
		README.md = README.md
	EndProjectSection
EndProject
Project("{9A19103F-16F7-4668-BE54-9A1E7A4F7556}") = "KKNDotNetCore.RestApi", "KKNDotNetCore.RestApi\KKNDotNetCore.RestApi.csproj", "{C678824F-7067-4DB1-8C51-BC3D2FCB0781}"
EndProject
Project("{9A19103F-16F7-4668-BE54-9A1E7A4F7556}") = "KKNDotNetCore.Shared", "KKNDotNetCore.Shared\KKNDotNetCore.Shared.csproj", "{F84E4C77-1D4F-4A3B-9839-DDFFC85BF3D3}"
EndProject
Project("{9A19103F-16F7-4668-BE54-9A1E7A4F7556}") = "KKNDotNetCore.RestApiWithNLayer", "KKNDotNetCore.RestApiWithNLayer\KKNDotNetCore.RestApiWithNLayer.csproj", "{15E99D6B-02DB-4D75-8112-97C63E34EDEB}"
EndProject
Project("{9A19103F-16F7-4668-BE54-9A1E7A4F7556}") = "KKNDotNetCore.ConsoleAppHttpClient", "KKNDotNetCore.ConsoleAppHttpClient\KKNDotNetCore.ConsoleAppHttpClient.csproj", "{BC0DD93A-521E-4233-9FBE-518760E2C32C}"
EndProject
Project("{9A19103F-16F7-4668-BE54-9A1E7A4F7556}") = "KKNDotNetCore.ConsoleAppHttpClientExamples", "KKNDotNetCore.ConsoleAppHttpClientExamples\KKNDotNetCore.ConsoleAppHttpClientExamples.csproj", "{753C20E6-1AC6-4BF6-800E-57ABDA11784C}"
EndProject
Project("{9A19103F-16F7-4668-BE54-9A1E7A4F7556}") = "KKNDotNetCore.ConsoleAppRestClientExamples", "KKNDotNetCore.ConsoleAppRestClientExamples\KKNDotNetCore.ConsoleAppRestClientExamples.csproj", "{5FE88E34-7602-4C81-9039-1237412B02EC}"
EndProject
Project("{9A19103F-16F7-4668-BE54-9A1E7A4F7556}") = "KKNDotNetCore.PizzaApi", "KKNDotNetCore.PizzaApi\KKNDotNetCore.PizzaApi.csproj", "{E9923495-38DB-45B0-BEF0-F087AD2211FF}"
EndProject
Project("{9A19103F-16F7-4668-BE54-9A1E7A4F7556}") = "KKNDotNetCore.ConsoleAppRefitExamples", "KKNDotNetCore.ConsoleAppRefitExamples\KKNDotNetCore.ConsoleAppRefitExamples.csproj", "{A54E8D68-5492-4CDC-8DD6-02FEFC9F1E8E}"
EndProject
Project("{9A19103F-16F7-4668-BE54-9A1E7A4F7556}") = "KKNDotNetCore.WinFormsApp", "KKNDotNetCore.WinFormsApp\KKNDotNetCore.WinFormsApp.csproj", "{562B5810-1F68-4F91-BF6B-043F388BFFE9}"
EndProject
Project("{9A19103F-16F7-4668-BE54-9A1E7A4F7556}") = "KKNDotNetCore.NLayer.UI", "KKNDotNetCore.NLayer.UI\KKNDotNetCore.NLayer.UI.csproj", "{E7A45139-AFD5-429F-A79A-029F4E051E6B}"
EndProject
Project("{9A19103F-16F7-4668-BE54-9A1E7A4F7556}") = "KKNDotNetCorel.NLayer.BusinessLogic", "KKNDotNetCorel.NLayer.BusinessLogic\KKNDotNetCorel.NLayer.BusinessLogic.csproj", "{34B4EB35-80AE-4216-9939-D90D3FDB1F74}"
EndProject
Project("{9A19103F-16F7-4668-BE54-9A1E7A4F7556}") = "KKNDotNetCore.NLayer.DataAccess", "KKNDotNetCore.NLayer.DataAccess\KKNDotNetCore.NLayer.DataAccess.csproj", "{97AECD1D-655F-4A68-A488-1BF8236CCBF8}"
EndProject
Project("{9A19103F-16F7-4668-BE54-9A1E7A4F7556}") = "KKNDotNetCore.MvcApp", "KKNDotNetCore.MvcApp\KKNDotNetCore.MvcApp.csproj", "{BEE0CE7E-E4A9-477C-93A3-EAB8F3786692}"
EndProject
Project("{9A19103F-16F7-4668-BE54-9A1E7A4F7556}") = "KKNDotNetCore.MvcApp2", "KKNDotNetCore.MvcApp2\KKNDotNetCore.MvcApp2.csproj", "{EB6BD59C-54CA-4678-A721-D31E01D21BB0}"
EndProject
Project("{FAE04EC0-301F-11D3-BF4B-00C04F79EFBC}") = "KKNDotNetCore.MvcChartApp", "KKNDotNetCore.MvcChartApp\KKNDotNetCore.MvcChartApp.csproj", "{2A9C924E-31A9-4418-8A66-03D1F3B34AF4}"
EndProject
Global
	GlobalSection(SolutionConfigurationPlatforms) = preSolution
		Debug|Any CPU = Debug|Any CPU
		Release|Any CPU = Release|Any CPU
	EndGlobalSection
	GlobalSection(ProjectConfigurationPlatforms) = postSolution
		{D37E9C39-B116-4C29-B77E-B6D0E2A5DC3D}.Debug|Any CPU.ActiveCfg = Debug|Any CPU
		{D37E9C39-B116-4C29-B77E-B6D0E2A5DC3D}.Debug|Any CPU.Build.0 = Debug|Any CPU
		{D37E9C39-B116-4C29-B77E-B6D0E2A5DC3D}.Release|Any CPU.ActiveCfg = Release|Any CPU
		{D37E9C39-B116-4C29-B77E-B6D0E2A5DC3D}.Release|Any CPU.Build.0 = Release|Any CPU
		{C678824F-7067-4DB1-8C51-BC3D2FCB0781}.Debug|Any CPU.ActiveCfg = Debug|Any CPU
		{C678824F-7067-4DB1-8C51-BC3D2FCB0781}.Debug|Any CPU.Build.0 = Debug|Any CPU
		{C678824F-7067-4DB1-8C51-BC3D2FCB0781}.Release|Any CPU.ActiveCfg = Release|Any CPU
		{C678824F-7067-4DB1-8C51-BC3D2FCB0781}.Release|Any CPU.Build.0 = Release|Any CPU
		{F84E4C77-1D4F-4A3B-9839-DDFFC85BF3D3}.Debug|Any CPU.ActiveCfg = Debug|Any CPU
		{F84E4C77-1D4F-4A3B-9839-DDFFC85BF3D3}.Debug|Any CPU.Build.0 = Debug|Any CPU
		{F84E4C77-1D4F-4A3B-9839-DDFFC85BF3D3}.Release|Any CPU.ActiveCfg = Release|Any CPU
		{F84E4C77-1D4F-4A3B-9839-DDFFC85BF3D3}.Release|Any CPU.Build.0 = Release|Any CPU
		{15E99D6B-02DB-4D75-8112-97C63E34EDEB}.Debug|Any CPU.ActiveCfg = Debug|Any CPU
		{15E99D6B-02DB-4D75-8112-97C63E34EDEB}.Debug|Any CPU.Build.0 = Debug|Any CPU
		{15E99D6B-02DB-4D75-8112-97C63E34EDEB}.Release|Any CPU.ActiveCfg = Release|Any CPU
		{15E99D6B-02DB-4D75-8112-97C63E34EDEB}.Release|Any CPU.Build.0 = Release|Any CPU
		{BC0DD93A-521E-4233-9FBE-518760E2C32C}.Debug|Any CPU.ActiveCfg = Debug|Any CPU
		{BC0DD93A-521E-4233-9FBE-518760E2C32C}.Debug|Any CPU.Build.0 = Debug|Any CPU
		{BC0DD93A-521E-4233-9FBE-518760E2C32C}.Release|Any CPU.ActiveCfg = Release|Any CPU
		{BC0DD93A-521E-4233-9FBE-518760E2C32C}.Release|Any CPU.Build.0 = Release|Any CPU
		{753C20E6-1AC6-4BF6-800E-57ABDA11784C}.Debug|Any CPU.ActiveCfg = Debug|Any CPU
		{753C20E6-1AC6-4BF6-800E-57ABDA11784C}.Debug|Any CPU.Build.0 = Debug|Any CPU
		{753C20E6-1AC6-4BF6-800E-57ABDA11784C}.Release|Any CPU.ActiveCfg = Release|Any CPU
		{753C20E6-1AC6-4BF6-800E-57ABDA11784C}.Release|Any CPU.Build.0 = Release|Any CPU
		{5FE88E34-7602-4C81-9039-1237412B02EC}.Debug|Any CPU.ActiveCfg = Debug|Any CPU
		{5FE88E34-7602-4C81-9039-1237412B02EC}.Debug|Any CPU.Build.0 = Debug|Any CPU
		{5FE88E34-7602-4C81-9039-1237412B02EC}.Release|Any CPU.ActiveCfg = Release|Any CPU
		{5FE88E34-7602-4C81-9039-1237412B02EC}.Release|Any CPU.Build.0 = Release|Any CPU
		{E9923495-38DB-45B0-BEF0-F087AD2211FF}.Debug|Any CPU.ActiveCfg = Debug|Any CPU
		{E9923495-38DB-45B0-BEF0-F087AD2211FF}.Debug|Any CPU.Build.0 = Debug|Any CPU
		{E9923495-38DB-45B0-BEF0-F087AD2211FF}.Release|Any CPU.ActiveCfg = Release|Any CPU
		{E9923495-38DB-45B0-BEF0-F087AD2211FF}.Release|Any CPU.Build.0 = Release|Any CPU
		{A54E8D68-5492-4CDC-8DD6-02FEFC9F1E8E}.Debug|Any CPU.ActiveCfg = Debug|Any CPU
		{A54E8D68-5492-4CDC-8DD6-02FEFC9F1E8E}.Debug|Any CPU.Build.0 = Debug|Any CPU
		{A54E8D68-5492-4CDC-8DD6-02FEFC9F1E8E}.Release|Any CPU.ActiveCfg = Release|Any CPU
		{A54E8D68-5492-4CDC-8DD6-02FEFC9F1E8E}.Release|Any CPU.Build.0 = Release|Any CPU
		{562B5810-1F68-4F91-BF6B-043F388BFFE9}.Debug|Any CPU.ActiveCfg = Debug|Any CPU
		{562B5810-1F68-4F91-BF6B-043F388BFFE9}.Debug|Any CPU.Build.0 = Debug|Any CPU
		{562B5810-1F68-4F91-BF6B-043F388BFFE9}.Release|Any CPU.ActiveCfg = Release|Any CPU
		{562B5810-1F68-4F91-BF6B-043F388BFFE9}.Release|Any CPU.Build.0 = Release|Any CPU
		{E7A45139-AFD5-429F-A79A-029F4E051E6B}.Debug|Any CPU.ActiveCfg = Debug|Any CPU
		{E7A45139-AFD5-429F-A79A-029F4E051E6B}.Debug|Any CPU.Build.0 = Debug|Any CPU
		{E7A45139-AFD5-429F-A79A-029F4E051E6B}.Release|Any CPU.ActiveCfg = Release|Any CPU
		{E7A45139-AFD5-429F-A79A-029F4E051E6B}.Release|Any CPU.Build.0 = Release|Any CPU
		{34B4EB35-80AE-4216-9939-D90D3FDB1F74}.Debug|Any CPU.ActiveCfg = Debug|Any CPU
		{34B4EB35-80AE-4216-9939-D90D3FDB1F74}.Debug|Any CPU.Build.0 = Debug|Any CPU
		{34B4EB35-80AE-4216-9939-D90D3FDB1F74}.Release|Any CPU.ActiveCfg = Release|Any CPU
		{34B4EB35-80AE-4216-9939-D90D3FDB1F74}.Release|Any CPU.Build.0 = Release|Any CPU
		{97AECD1D-655F-4A68-A488-1BF8236CCBF8}.Debug|Any CPU.ActiveCfg = Debug|Any CPU
		{97AECD1D-655F-4A68-A488-1BF8236CCBF8}.Debug|Any CPU.Build.0 = Debug|Any CPU
		{97AECD1D-655F-4A68-A488-1BF8236CCBF8}.Release|Any CPU.ActiveCfg = Release|Any CPU
		{97AECD1D-655F-4A68-A488-1BF8236CCBF8}.Release|Any CPU.Build.0 = Release|Any CPU
		{BEE0CE7E-E4A9-477C-93A3-EAB8F3786692}.Debug|Any CPU.ActiveCfg = Debug|Any CPU
		{BEE0CE7E-E4A9-477C-93A3-EAB8F3786692}.Debug|Any CPU.Build.0 = Debug|Any CPU
		{BEE0CE7E-E4A9-477C-93A3-EAB8F3786692}.Release|Any CPU.ActiveCfg = Release|Any CPU
		{BEE0CE7E-E4A9-477C-93A3-EAB8F3786692}.Release|Any CPU.Build.0 = Release|Any CPU
		{EB6BD59C-54CA-4678-A721-D31E01D21BB0}.Debug|Any CPU.ActiveCfg = Debug|Any CPU
		{EB6BD59C-54CA-4678-A721-D31E01D21BB0}.Debug|Any CPU.Build.0 = Debug|Any CPU
		{EB6BD59C-54CA-4678-A721-D31E01D21BB0}.Release|Any CPU.ActiveCfg = Release|Any CPU
		{EB6BD59C-54CA-4678-A721-D31E01D21BB0}.Release|Any CPU.Build.0 = Release|Any CPU
		{2A9C924E-31A9-4418-8A66-03D1F3B34AF4}.Debug|Any CPU.ActiveCfg = Debug|Any CPU
		{2A9C924E-31A9-4418-8A66-03D1F3B34AF4}.Debug|Any CPU.Build.0 = Debug|Any CPU
		{2A9C924E-31A9-4418-8A66-03D1F3B34AF4}.Release|Any CPU.ActiveCfg = Release|Any CPU
		{2A9C924E-31A9-4418-8A66-03D1F3B34AF4}.Release|Any CPU.Build.0 = Release|Any CPU
	EndGlobalSection
	GlobalSection(SolutionProperties) = preSolution
		HideSolutionNode = FALSE
	EndGlobalSection
	GlobalSection(ExtensibilityGlobals) = postSolution
		SolutionGuid = {786FCD06-AC45-4482-B1FB-1117DD48A0A7}
	EndGlobalSection
EndGlobal
